
Microsoft Visual Studio Solution File, Format Version 12.00
# Visual Studio 2012
Project("{FAE04EC0-301F-11D3-BF4B-00C04F79EFBC}") = "ChinLang", "ChinLang\ChinLang.csproj", "{3304D109-B7BE-473F-B230-16147ECF942A}"
EndProject
Project("{FAE04EC0-301F-11D3-BF4B-00C04F79EFBC}") = "ChinLang.Droid", "Droid\ChinLang.Droid.csproj", "{2CD5BC1B-7F50-400C-B7E8-E697E3902C37}"
EndProject
Project("{FAE04EC0-301F-11D3-BF4B-00C04F79EFBC}") = "ChinLang.iOS", "iOS\ChinLang.iOS.csproj", "{718EC35D-B5AD-4F03-A3C9-21BB784E5F9F}"
EndProject
Global
	GlobalSection(SolutionConfigurationPlatforms) = preSolution
		Debug|Any CPU = Debug|Any CPU
		Release|Any CPU = Release|Any CPU
		Debug|iPhoneSimulator = Debug|iPhoneSimulator
		Release|iPhone = Release|iPhone
		Release|iPhoneSimulator = Release|iPhoneSimulator
		Debug|iPhone = Debug|iPhone
	EndGlobalSection
	GlobalSection(ProjectConfigurationPlatforms) = postSolution
		{3304D109-B7BE-473F-B230-16147ECF942A}.Debug|Any CPU.ActiveCfg = Debug|Any CPU
		{3304D109-B7BE-473F-B230-16147ECF942A}.Debug|Any CPU.Build.0 = Debug|Any CPU
		{3304D109-B7BE-473F-B230-16147ECF942A}.Release|Any CPU.ActiveCfg = Release|Any CPU
		{3304D109-B7BE-473F-B230-16147ECF942A}.Release|Any CPU.Build.0 = Release|Any CPU
		{3304D109-B7BE-473F-B230-16147ECF942A}.Debug|iPhoneSimulator.ActiveCfg = Debug|Any CPU
		{3304D109-B7BE-473F-B230-16147ECF942A}.Debug|iPhoneSimulator.Build.0 = Debug|Any CPU
		{3304D109-B7BE-473F-B230-16147ECF942A}.Release|iPhone.ActiveCfg = Release|Any CPU
		{3304D109-B7BE-473F-B230-16147ECF942A}.Release|iPhone.Build.0 = Release|Any CPU
		{3304D109-B7BE-473F-B230-16147ECF942A}.Release|iPhoneSimulator.ActiveCfg = Release|Any CPU
		{3304D109-B7BE-473F-B230-16147ECF942A}.Release|iPhoneSimulator.Build.0 = Release|Any CPU
		{3304D109-B7BE-473F-B230-16147ECF942A}.Debug|iPhone.ActiveCfg = Debug|Any CPU
		{3304D109-B7BE-473F-B230-16147ECF942A}.Debug|iPhone.Build.0 = Debug|Any CPU
		{2CD5BC1B-7F50-400C-B7E8-E697E3902C37}.Debug|Any CPU.ActiveCfg = Debug|Any CPU
		{2CD5BC1B-7F50-400C-B7E8-E697E3902C37}.Debug|Any CPU.Build.0 = Debug|Any CPU
		{2CD5BC1B-7F50-400C-B7E8-E697E3902C37}.Release|Any CPU.ActiveCfg = Release|Any CPU
		{2CD5BC1B-7F50-400C-B7E8-E697E3902C37}.Release|Any CPU.Build.0 = Release|Any CPU
		{2CD5BC1B-7F50-400C-B7E8-E697E3902C37}.Debug|iPhoneSimulator.ActiveCfg = Debug|Any CPU
		{2CD5BC1B-7F50-400C-B7E8-E697E3902C37}.Debug|iPhoneSimulator.Build.0 = Debug|Any CPU
		{2CD5BC1B-7F50-400C-B7E8-E697E3902C37}.Release|iPhone.ActiveCfg = Release|Any CPU
		{2CD5BC1B-7F50-400C-B7E8-E697E3902C37}.Release|iPhone.Build.0 = Release|Any CPU
		{2CD5BC1B-7F50-400C-B7E8-E697E3902C37}.Release|iPhoneSimulator.ActiveCfg = Release|Any CPU
		{2CD5BC1B-7F50-400C-B7E8-E697E3902C37}.Release|iPhoneSimulator.Build.0 = Release|Any CPU
		{2CD5BC1B-7F50-400C-B7E8-E697E3902C37}.Debug|iPhone.ActiveCfg = Debug|Any CPU
		{2CD5BC1B-7F50-400C-B7E8-E697E3902C37}.Debug|iPhone.Build.0 = Debug|Any CPU
		{718EC35D-B5AD-4F03-A3C9-21BB784E5F9F}.Debug|Any CPU.ActiveCfg = Debug|iPhoneSimulator
		{718EC35D-B5AD-4F03-A3C9-21BB784E5F9F}.Debug|Any CPU.Build.0 = Debug|iPhoneSimulator
		{718EC35D-B5AD-4F03-A3C9-21BB784E5F9F}.Release|Any CPU.ActiveCfg = Release|iPhone
		{718EC35D-B5AD-4F03-A3C9-21BB784E5F9F}.Release|Any CPU.Build.0 = Release|iPhone
		{718EC35D-B5AD-4F03-A3C9-21BB784E5F9F}.Debug|iPhoneSimulator.ActiveCfg = Debug|iPhoneSimulator
		{718EC35D-B5AD-4F03-A3C9-21BB784E5F9F}.Debug|iPhoneSimulator.Build.0 = Debug|iPhoneSimulator
		{718EC35D-B5AD-4F03-A3C9-21BB784E5F9F}.Release|iPhone.ActiveCfg = Release|iPhone
		{718EC35D-B5AD-4F03-A3C9-21BB784E5F9F}.Release|iPhone.Build.0 = Release|iPhone
		{718EC35D-B5AD-4F03-A3C9-21BB784E5F9F}.Release|iPhoneSimulator.ActiveCfg = Release|iPhoneSimulator
		{718EC35D-B5AD-4F03-A3C9-21BB784E5F9F}.Release|iPhoneSimulator.Build.0 = Release|iPhoneSimulator
		{718EC35D-B5AD-4F03-A3C9-21BB784E5F9F}.Debug|iPhone.ActiveCfg = Debug|iPhone
		{718EC35D-B5AD-4F03-A3C9-21BB784E5F9F}.Debug|iPhone.Build.0 = Debug|iPhone
	EndGlobalSection
EndGlobal
